
Microsoft Visual Studio Solution File, Format Version 12.00
# Visual Studio 15
VisualStudioVersion = 15.0.28010.2050
MinimumVisualStudioVersion = 10.0.40219.1
Project("{8BC9CEB8-8B4A-11D0-8D11-00A0C91BC942}") = "LinkedList", "LinkedList\LinkedList.vcxproj", "{B86CC27C-185F-4158-A59D-987AB74FA539}"
EndProject
Global
	GlobalSection(SolutionConfigurationPlatforms) = preSolution
		Debug|x64 = Debug|x64
		Debug|x86 = Debug|x86
		Release|x64 = Release|x64
		Release|x86 = Release|x86
	EndGlobalSection
	GlobalSection(ProjectConfigurationPlatforms) = postSolution
		{B86CC27C-185F-4158-A59D-987AB74FA539}.Debug|x64.ActiveCfg = Debug|x64
		{B86CC27C-185F-4158-A59D-987AB74FA539}.Debug|x64.Build.0 = Debug|x64
		{B86CC27C-185F-4158-A59D-987AB74FA539}.Debug|x86.ActiveCfg = Debug|Win32
		{B86CC27C-185F-4158-A59D-987AB74FA539}.Debug|x86.Build.0 = Debug|Win32
		{B86CC27C-185F-4158-A59D-987AB74FA539}.Release|x64.ActiveCfg = Release|x64
		{B86CC27C-185F-4158-A59D-987AB74FA539}.Release|x64.Build.0 = Release|x64
		{B86CC27C-185F-4158-A59D-987AB74FA539}.Release|x86.ActiveCfg = Release|Win32
		{B86CC27C-185F-4158-A59D-987AB74FA539}.Release|x86.Build.0 = Release|Win32
	EndGlobalSection
	GlobalSection(SolutionProperties) = preSolution
		HideSolutionNode = FALSE
	EndGlobalSection
	GlobalSection(ExtensibilityGlobals) = postSolution
		SolutionGuid = {0D968AF9-3687-4753-8CBB-FD9A8A1BC83E}
	EndGlobalSection
EndGlobal
